// !$*UTF8*$!
{
	archiveVersion = 1;
	classes = {
	};
	objectVersion = 55;
	objects = {

/* Begin PBXBuildFile section */
		1B3747CD27B0C3A200E7CE78 /* AnotherViewController.swift in Sources */ = {isa = PBXBuildFile; fileRef = 1B3747CC27B0C3A200E7CE78 /* AnotherViewController.swift */; };
		1B3747CF27B0E09700E7CE78 /* AsyncViewController.swift in Sources */ = {isa = PBXBuildFile; fileRef = 1B3747CE27B0E09700E7CE78 /* AsyncViewController.swift */; };
		1B3747D127B0E2CC00E7CE78 /* ShadowCornerViewController.swift in Sources */ = {isa = PBXBuildFile; fileRef = 1B3747D027B0E2CC00E7CE78 /* ShadowCornerViewController.swift */; };
		1B7E5E9B27ACCDFD007B50A1 /* AppDelegate.swift in Sources */ = {isa = PBXBuildFile; fileRef = 1B7E5E9A27ACCDFD007B50A1 /* AppDelegate.swift */; };
		1B7E5E9D27ACCDFD007B50A1 /* SceneDelegate.swift in Sources */ = {isa = PBXBuildFile; fileRef = 1B7E5E9C27ACCDFD007B50A1 /* SceneDelegate.swift */; };
		1B7E5E9F27ACCDFD007B50A1 /* ViewController.swift in Sources */ = {isa = PBXBuildFile; fileRef = 1B7E5E9E27ACCDFD007B50A1 /* ViewController.swift */; };
		1B7E5EA227ACCDFD007B50A1 /* Main.storyboard in Resources */ = {isa = PBXBuildFile; fileRef = 1B7E5EA027ACCDFD007B50A1 /* Main.storyboard */; };
		1B7E5EA427ACCDFF007B50A1 /* Assets.xcassets in Resources */ = {isa = PBXBuildFile; fileRef = 1B7E5EA327ACCDFF007B50A1 /* Assets.xcassets */; };
		1B7E5EA727ACCDFF007B50A1 /* LaunchScreen.storyboard in Resources */ = {isa = PBXBuildFile; fileRef = 1B7E5EA527ACCDFF007B50A1 /* LaunchScreen.storyboard */; };
		1B7E5EB227ACCDFF007B50A1 /* StudyRender1Tests.swift in Sources */ = {isa = PBXBuildFile; fileRef = 1B7E5EB127ACCDFF007B50A1 /* StudyRender1Tests.swift */; };
		1B7E5EBC27ACCDFF007B50A1 /* StudyRender1UITests.swift in Sources */ = {isa = PBXBuildFile; fileRef = 1B7E5EBB27ACCDFF007B50A1 /* StudyRender1UITests.swift */; };
		1B7E5EBE27ACCDFF007B50A1 /* StudyRender1UITestsLaunchTests.swift in Sources */ = {isa = PBXBuildFile; fileRef = 1B7E5EBD27ACCDFF007B50A1 /* StudyRender1UITestsLaunchTests.swift */; };
		1B7E5ECD27AE05DD007B50A1 /* RedPacket.swift in Sources */ = {isa = PBXBuildFile; fileRef = 1B7E5ECC27AE05DD007B50A1 /* RedPacket.swift */; };
		1B7E5ECF27AEC66A007B50A1 /* ProgressBar.swift in Sources */ = {isa = PBXBuildFile; fileRef = 1B7E5ECE27AEC66A007B50A1 /* ProgressBar.swift */; };
/* End PBXBuildFile section */

/* Begin PBXContainerItemProxy section */
		1B7E5EAE27ACCDFF007B50A1 /* PBXContainerItemProxy */ = {
			isa = PBXContainerItemProxy;
			containerPortal = 1B7E5E8F27ACCDFD007B50A1 /* Project object */;
			proxyType = 1;
			remoteGlobalIDString = 1B7E5E9627ACCDFD007B50A1;
			remoteInfo = StudyRender1;
		};
		1B7E5EB827ACCDFF007B50A1 /* PBXContainerItemProxy */ = {
			isa = PBXContainerItemProxy;
			containerPortal = 1B7E5E8F27ACCDFD007B50A1 /* Project object */;
			proxyType = 1;
			remoteGlobalIDString = 1B7E5E9627ACCDFD007B50A1;
			remoteInfo = StudyRender1;
		};
/* End PBXContainerItemProxy section */

/* Begin PBXFileReference section */
		1B3747CC27B0C3A200E7CE78 /* AnotherViewController.swift */ = {isa = PBXFileReference; lastKnownFileType = sourcecode.swift; path = AnotherViewController.swift; sourceTree = "<group>"; };
		1B3747CE27B0E09700E7CE78 /* AsyncViewController.swift */ = {isa = PBXFileReference; lastKnownFileType = sourcecode.swift; path = AsyncViewController.swift; sourceTree = "<group>"; };
		1B3747D027B0E2CC00E7CE78 /* ShadowCornerViewController.swift */ = {isa = PBXFileReference; lastKnownFileType = sourcecode.swift; path = ShadowCornerViewController.swift; sourceTree = "<group>"; };
		1B7E5E9727ACCDFD007B50A1 /* StudyRender1.app */ = {isa = PBXFileReference; explicitFileType = wrapper.application; includeInIndex = 0; path = StudyRender1.app; sourceTree = BUILT_PRODUCTS_DIR; };
		1B7E5E9A27ACCDFD007B50A1 /* AppDelegate.swift */ = {isa = PBXFileReference; lastKnownFileType = sourcecode.swift; path = AppDelegate.swift; sourceTree = "<group>"; };
		1B7E5E9C27ACCDFD007B50A1 /* SceneDelegate.swift */ = {isa = PBXFileReference; lastKnownFileType = sourcecode.swift; path = SceneDelegate.swift; sourceTree = "<group>"; };
		1B7E5E9E27ACCDFD007B50A1 /* ViewController.swift */ = {isa = PBXFileReference; lastKnownFileType = sourcecode.swift; path = ViewController.swift; sourceTree = "<group>"; };
		1B7E5EA127ACCDFD007B50A1 /* Base */ = {isa = PBXFileReference; lastKnownFileType = file.storyboard; name = Base; path = Base.lproj/Main.storyboard; sourceTree = "<group>"; };
		1B7E5EA327ACCDFF007B50A1 /* Assets.xcassets */ = {isa = PBXFileReference; lastKnownFileType = folder.assetcatalog; path = Assets.xcassets; sourceTree = "<group>"; };
		1B7E5EA627ACCDFF007B50A1 /* Base */ = {isa = PBXFileReference; lastKnownFileType = file.storyboard; name = Base; path = Base.lproj/LaunchScreen.storyboard; sourceTree = "<group>"; };
		1B7E5EA827ACCDFF007B50A1 /* Info.plist */ = {isa = PBXFileReference; lastKnownFileType = text.plist.xml; path = Info.plist; sourceTree = "<group>"; };
		1B7E5EAD27ACCDFF007B50A1 /* StudyRender1Tests.xctest */ = {isa = PBXFileReference; explicitFileType = wrapper.cfbundle; includeInIndex = 0; path = StudyRender1Tests.xctest; sourceTree = BUILT_PRODUCTS_DIR; };
		1B7E5EB127ACCDFF007B50A1 /* StudyRender1Tests.swift */ = {isa = PBXFileReference; lastKnownFileType = sourcecode.swift; path = StudyRender1Tests.swift; sourceTree = "<group>"; };
		1B7E5EB727ACCDFF007B50A1 /* StudyRender1UITests.xctest */ = {isa = PBXFileReference; explicitFileType = wrapper.cfbundle; includeInIndex = 0; path = StudyRender1UITests.xctest; sourceTree = BUILT_PRODUCTS_DIR; };
		1B7E5EBB27ACCDFF007B50A1 /* StudyRender1UITests.swift */ = {isa = PBXFileReference; lastKnownFileType = sourcecode.swift; path = StudyRender1UITests.swift; sourceTree = "<group>"; };
		1B7E5EBD27ACCDFF007B50A1 /* StudyRender1UITestsLaunchTests.swift */ = {isa = PBXFileReference; lastKnownFileType = sourcecode.swift; path = StudyRender1UITestsLaunchTests.swift; sourceTree = "<group>"; };
		1B7E5ECC27AE05DD007B50A1 /* RedPacket.swift */ = {isa = PBXFileReference; lastKnownFileType = sourcecode.swift; path = RedPacket.swift; sourceTree = "<group>"; };
		1B7E5ECE27AEC66A007B50A1 /* ProgressBar.swift */ = {isa = PBXFileReference; lastKnownFileType = sourcecode.swift; path = ProgressBar.swift; sourceTree = "<group>"; };
/* End PBXFileReference section */

/* Begin PBXFrameworksBuildPhase section */
		1B7E5E9427ACCDFD007B50A1 /* Frameworks */ = {
			isa = PBXFrameworksBuildPhase;
			buildActionMask = 2147483647;
			files = (
			);
			runOnlyForDeploymentPostprocessing = 0;
		};
		1B7E5EAA27ACCDFF007B50A1 /* Frameworks */ = {
			isa = PBXFrameworksBuildPhase;
			buildActionMask = 2147483647;
			files = (
			);
			runOnlyForDeploymentPostprocessing = 0;
		};
		1B7E5EB427ACCDFF007B50A1 /* Frameworks */ = {
			isa = PBXFrameworksBuildPhase;
			buildActionMask = 2147483647;
			files = (
			);
			runOnlyForDeploymentPostprocessing = 0;
		};
/* End PBXFrameworksBuildPhase section */

/* Begin PBXGroup section */
		1B7E5E8E27ACCDFD007B50A1 = {
			isa = PBXGroup;
			children = (
				1B7E5E9927ACCDFD007B50A1 /* StudyRender1 */,
				1B7E5EB027ACCDFF007B50A1 /* StudyRender1Tests */,
				1B7E5EBA27ACCDFF007B50A1 /* StudyRender1UITests */,
				1B7E5E9827ACCDFD007B50A1 /* Products */,
			);
			sourceTree = "<group>";
		};
		1B7E5E9827ACCDFD007B50A1 /* Products */ = {
			isa = PBXGroup;
			children = (
				1B7E5E9727ACCDFD007B50A1 /* StudyRender1.app */,
				1B7E5EAD27ACCDFF007B50A1 /* StudyRender1Tests.xctest */,
				1B7E5EB727ACCDFF007B50A1 /* StudyRender1UITests.xctest */,
			);
			name = Products;
			sourceTree = "<group>";
		};
		1B7E5E9927ACCDFD007B50A1 /* StudyRender1 */ = {
			isa = PBXGroup;
			children = (
				1B7E5E9A27ACCDFD007B50A1 /* AppDelegate.swift */,
				1B7E5E9C27ACCDFD007B50A1 /* SceneDelegate.swift */,
				1B7E5E9E27ACCDFD007B50A1 /* ViewController.swift */,
				1B3747CC27B0C3A200E7CE78 /* AnotherViewController.swift */,
				1B3747D027B0E2CC00E7CE78 /* ShadowCornerViewController.swift */,
				1B3747CE27B0E09700E7CE78 /* AsyncViewController.swift */,
				1B7E5ECC27AE05DD007B50A1 /* RedPacket.swift */,
				1B7E5EA027ACCDFD007B50A1 /* Main.storyboard */,
				1B7E5EA327ACCDFF007B50A1 /* Assets.xcassets */,
				1B7E5EA527ACCDFF007B50A1 /* LaunchScreen.storyboard */,
				1B7E5EA827ACCDFF007B50A1 /* Info.plist */,
				1B7E5ECE27AEC66A007B50A1 /* ProgressBar.swift */,
			);
			path = StudyRender1;
			sourceTree = "<group>";
		};
		1B7E5EB027ACCDFF007B50A1 /* StudyRender1Tests */ = {
			isa = PBXGroup;
			children = (
				1B7E5EB127ACCDFF007B50A1 /* StudyRender1Tests.swift */,
			);
			path = StudyRender1Tests;
			sourceTree = "<group>";
		};
		1B7E5EBA27ACCDFF007B50A1 /* StudyRender1UITests */ = {
			isa = PBXGroup;
			children = (
				1B7E5EBB27ACCDFF007B50A1 /* StudyRender1UITests.swift */,
				1B7E5EBD27ACCDFF007B50A1 /* StudyRender1UITestsLaunchTests.swift */,
			);
			path = StudyRender1UITests;
			sourceTree = "<group>";
		};
/* End PBXGroup section */

/* Begin PBXNativeTarget section */
		1B7E5E9627ACCDFD007B50A1 /* StudyRender1 */ = {
			isa = PBXNativeTarget;
			buildConfigurationList = 1B7E5EC127ACCDFF007B50A1 /* Build configuration list for PBXNativeTarget "StudyRender1" */;
			buildPhases = (
				1B7E5E9327ACCDFD007B50A1 /* Sources */,
				1B7E5E9427ACCDFD007B50A1 /* Frameworks */,
				1B7E5E9527ACCDFD007B50A1 /* Resources */,
			);
			buildRules = (
			);
			dependencies = (
			);
			name = StudyRender1;
			productName = StudyRender1;
			productReference = 1B7E5E9727ACCDFD007B50A1 /* StudyRender1.app */;
			productType = "com.apple.product-type.application";
		};
		1B7E5EAC27ACCDFF007B50A1 /* StudyRender1Tests */ = {
			isa = PBXNativeTarget;
			buildConfigurationList = 1B7E5EC427ACCDFF007B50A1 /* Build configuration list for PBXNativeTarget "StudyRender1Tests" */;
			buildPhases = (
				1B7E5EA927ACCDFF007B50A1 /* Sources */,
				1B7E5EAA27ACCDFF007B50A1 /* Frameworks */,
				1B7E5EAB27ACCDFF007B50A1 /* Resources */,
			);
			buildRules = (
			);
			dependencies = (
				1B7E5EAF27ACCDFF007B50A1 /* PBXTargetDependency */,
			);
			name = StudyRender1Tests;
			productName = StudyRender1Tests;
			productReference = 1B7E5EAD27ACCDFF007B50A1 /* StudyRender1Tests.xctest */;
			productType = "com.apple.product-type.bundle.unit-test";
		};
		1B7E5EB627ACCDFF007B50A1 /* StudyRender1UITests */ = {
			isa = PBXNativeTarget;
			buildConfigurationList = 1B7E5EC727ACCDFF007B50A1 /* Build configuration list for PBXNativeTarget "StudyRender1UITests" */;
			buildPhases = (
				1B7E5EB327ACCDFF007B50A1 /* Sources */,
				1B7E5EB427ACCDFF007B50A1 /* Frameworks */,
				1B7E5EB527ACCDFF007B50A1 /* Resources */,
			);
			buildRules = (
			);
			dependencies = (
				1B7E5EB927ACCDFF007B50A1 /* PBXTargetDependency */,
			);
			name = StudyRender1UITests;
			productName = StudyRender1UITests;
			productReference = 1B7E5EB727ACCDFF007B50A1 /* StudyRender1UITests.xctest */;
			productType = "com.apple.product-type.bundle.ui-testing";
		};
/* End PBXNativeTarget section */

/* Begin PBXProject section */
		1B7E5E8F27ACCDFD007B50A1 /* Project object */ = {
			isa = PBXProject;
			attributes = {
				BuildIndependentTargetsInParallel = 1;
				LastSwiftUpdateCheck = 1320;
				LastUpgradeCheck = 1320;
				TargetAttributes = {
					1B7E5E9627ACCDFD007B50A1 = {
						CreatedOnToolsVersion = 13.2.1;
					};
					1B7E5EAC27ACCDFF007B50A1 = {
						CreatedOnToolsVersion = 13.2.1;
						TestTargetID = 1B7E5E9627ACCDFD007B50A1;
					};
					1B7E5EB627ACCDFF007B50A1 = {
						CreatedOnToolsVersion = 13.2.1;
						TestTargetID = 1B7E5E9627ACCDFD007B50A1;
					};
				};
			};
			buildConfigurationList = 1B7E5E9227ACCDFD007B50A1 /* Build configuration list for PBXProject "StudyRender1" */;
			compatibilityVersion = "Xcode 13.0";
			developmentRegion = en;
			hasScannedForEncodings = 0;
			knownRegions = (
				en,
				Base,
			);
			mainGroup = 1B7E5E8E27ACCDFD007B50A1;
			productRefGroup = 1B7E5E9827ACCDFD007B50A1 /* Products */;
			projectDirPath = "";
			projectRoot = "";
			targets = (
				1B7E5E9627ACCDFD007B50A1 /* StudyRender1 */,
				1B7E5EAC27ACCDFF007B50A1 /* StudyRender1Tests */,
				1B7E5EB627ACCDFF007B50A1 /* StudyRender1UITests */,
			);
		};
/* End PBXProject section */

/* Begin PBXResourcesBuildPhase section */
		1B7E5E9527ACCDFD007B50A1 /* Resources */ = {
			isa = PBXResourcesBuildPhase;
			buildActionMask = 2147483647;
			files = (
				1B7E5EA727ACCDFF007B50A1 /* LaunchScreen.storyboard in Resources */,
				1B7E5EA427ACCDFF007B50A1 /* Assets.xcassets in Resources */,
				1B7E5EA227ACCDFD007B50A1 /* Main.storyboard in Resources */,
			);
			runOnlyForDeploymentPostprocessing = 0;
		};
		1B7E5EAB27ACCDFF007B50A1 /* Resources */ = {
			isa = PBXResourcesBuildPhase;
			buildActionMask = 2147483647;
			files = (
			);
			runOnlyForDeploymentPostprocessing = 0;
		};
		1B7E5EB527ACCDFF007B50A1 /* Resources */ = {
			isa = PBXResourcesBuildPhase;
			buildActionMask = 2147483647;
			files = (
			);
			runOnlyForDeploymentPostprocessing = 0;
		};
/* End PBXResourcesBuildPhase section */

/* Begin PBXSourcesBuildPhase section */
		1B7E5E9327ACCDFD007B50A1 /* Sources */ = {
			isa = PBXSourcesBuildPhase;
			buildActionMask = 2147483647;
			files = (
				1B7E5E9F27ACCDFD007B50A1 /* ViewController.swift in Sources */,
				1B7E5ECD27AE05DD007B50A1 /* RedPacket.swift in Sources */,
				1B3747D127B0E2CC00E7CE78 /* ShadowCornerViewController.swift in Sources */,
				1B3747CD27B0C3A200E7CE78 /* AnotherViewController.swift in Sources */,
				1B3747CF27B0E09700E7CE78 /* AsyncViewController.swift in Sources */,
				1B7E5E9B27ACCDFD007B50A1 /* AppDelegate.swift in Sources */,
				1B7E5ECF27AEC66A007B50A1 /* ProgressBar.swift in Sources */,
				1B7E5E9D27ACCDFD007B50A1 /* SceneDelegate.swift in Sources */,
			);
			runOnlyForDeploymentPostprocessing = 0;
		};
		1B7E5EA927ACCDFF007B50A1 /* Sources */ = {
			isa = PBXSourcesBuildPhase;
			buildActionMask = 2147483647;
			files = (
				1B7E5EB227ACCDFF007B50A1 /* StudyRender1Tests.swift in Sources */,
			);
			runOnlyForDeploymentPostprocessing = 0;
		};
		1B7E5EB327ACCDFF007B50A1 /* Sources */ = {
			isa = PBXSourcesBuildPhase;
			buildActionMask = 2147483647;
			files = (
				1B7E5EBE27ACCDFF007B50A1 /* StudyRender1UITestsLaunchTests.swift in Sources */,
				1B7E5EBC27ACCDFF007B50A1 /* StudyRender1UITests.swift in Sources */,
			);
			runOnlyForDeploymentPostprocessing = 0;
		};
/* End PBXSourcesBuildPhase section */

/* Begin PBXTargetDependency section */
		1B7E5EAF27ACCDFF007B50A1 /* PBXTargetDependency */ = {
			isa = PBXTargetDependency;
			target = 1B7E5E9627ACCDFD007B50A1 /* StudyRender1 */;
			targetProxy = 1B7E5EAE27ACCDFF007B50A1 /* PBXContainerItemProxy */;
		};
		1B7E5EB927ACCDFF007B50A1 /* PBXTargetDependency */ = {
			isa = PBXTargetDependency;
			target = 1B7E5E9627ACCDFD007B50A1 /* StudyRender1 */;
			targetProxy = 1B7E5EB827ACCDFF007B50A1 /* PBXContainerItemProxy */;
		};
/* End PBXTargetDependency section */

/* Begin PBXVariantGroup section */
		1B7E5EA027ACCDFD007B50A1 /* Main.storyboard */ = {
			isa = PBXVariantGroup;
			children = (
				1B7E5EA127ACCDFD007B50A1 /* Base */,
			);
			name = Main.storyboard;
			sourceTree = "<group>";
		};
		1B7E5EA527ACCDFF007B50A1 /* LaunchScreen.storyboard */ = {
			isa = PBXVariantGroup;
			children = (
				1B7E5EA627ACCDFF007B50A1 /* Base */,
			);
			name = LaunchScreen.storyboard;
			sourceTree = "<group>";
		};
/* End PBXVariantGroup section */

/* Begin XCBuildConfiguration section */
		1B7E5EBF27ACCDFF007B50A1 /* Debug */ = {
			isa = XCBuildConfiguration;
			buildSettings = {
				ALWAYS_SEARCH_USER_PATHS = NO;
				CLANG_ANALYZER_NONNULL = YES;
				CLANG_ANALYZER_NUMBER_OBJECT_CONVERSION = YES_AGGRESSIVE;
				CLANG_CXX_LANGUAGE_STANDARD = "gnu++17";
				CLANG_CXX_LIBRARY = "libc++";
				CLANG_ENABLE_MODULES = YES;
				CLANG_ENABLE_OBJC_ARC = YES;
				CLANG_ENABLE_OBJC_WEAK = YES;
				CLANG_WARN_BLOCK_CAPTURE_AUTORELEASING = YES;
				CLANG_WARN_BOOL_CONVERSION = YES;
				CLANG_WARN_COMMA = YES;
				CLANG_WARN_CONSTANT_CONVERSION = YES;
				CLANG_WARN_DEPRECATED_OBJC_IMPLEMENTATIONS = YES;
				CLANG_WARN_DIRECT_OBJC_ISA_USAGE = YES_ERROR;
				CLANG_WARN_DOCUMENTATION_COMMENTS = YES;
				CLANG_WARN_EMPTY_BODY = YES;
				CLANG_WARN_ENUM_CONVERSION = YES;
				CLANG_WARN_INFINITE_RECURSION = YES;
				CLANG_WARN_INT_CONVERSION = YES;
				CLANG_WARN_NON_LITERAL_NULL_CONVERSION = YES;
				CLANG_WARN_OBJC_IMPLICIT_RETAIN_SELF = YES;
				CLANG_WARN_OBJC_LITERAL_CONVERSION = YES;
				CLANG_WARN_OBJC_ROOT_CLASS = YES_ERROR;
				CLANG_WARN_QUOTED_INCLUDE_IN_FRAMEWORK_HEADER = YES;
				CLANG_WARN_RANGE_LOOP_ANALYSIS = YES;
				CLANG_WARN_STRICT_PROTOTYPES = YES;
				CLANG_WARN_SUSPICIOUS_MOVE = YES;
				CLANG_WARN_UNGUARDED_AVAILABILITY = YES_AGGRESSIVE;
				CLANG_WARN_UNREACHABLE_CODE = YES;
				CLANG_WARN__DUPLICATE_METHOD_MATCH = YES;
				COPY_PHASE_STRIP = NO;
				DEBUG_INFORMATION_FORMAT = dwarf;
				ENABLE_STRICT_OBJC_MSGSEND = YES;
				ENABLE_TESTABILITY = YES;
				GCC_C_LANGUAGE_STANDARD = gnu11;
				GCC_DYNAMIC_NO_PIC = NO;
				GCC_NO_COMMON_BLOCKS = YES;
				GCC_OPTIMIZATION_LEVEL = 0;
				GCC_PREPROCESSOR_DEFINITIONS = (
					"DEBUG=1",
					"$(inherited)",
				);
				GCC_WARN_64_TO_32_BIT_CONVERSION = YES;
				GCC_WARN_ABOUT_RETURN_TYPE = YES_ERROR;
				GCC_WARN_UNDECLARED_SELECTOR = YES;
				GCC_WARN_UNINITIALIZED_AUTOS = YES_AGGRESSIVE;
				GCC_WARN_UNUSED_FUNCTION = YES;
				GCC_WARN_UNUSED_VARIABLE = YES;
				IPHONEOS_DEPLOYMENT_TARGET = 15.2;
				MTL_ENABLE_DEBUG_INFO = INCLUDE_SOURCE;
				MTL_FAST_MATH = YES;
				ONLY_ACTIVE_ARCH = YES;
				SDKROOT = iphoneos;
				SWIFT_ACTIVE_COMPILATION_CONDITIONS = DEBUG;
				SWIFT_OPTIMIZATION_LEVEL = "-Onone";
			};
			name = Debug;
		};
		1B7E5EC027ACCDFF007B50A1 /* Release */ = {
			isa = XCBuildConfiguration;
			buildSettings = {
				ALWAYS_SEARCH_USER_PATHS = NO;
				CLANG_ANALYZER_NONNULL = YES;
				CLANG_ANALYZER_NUMBER_OBJECT_CONVERSION = YES_AGGRESSIVE;
				CLANG_CXX_LANGUAGE_STANDARD = "gnu++17";
				CLANG_CXX_LIBRARY = "libc++";
				CLANG_ENABLE_MODULES = YES;
				CLANG_ENABLE_OBJC_ARC = YES;
				CLANG_ENABLE_OBJC_WEAK = YES;
				CLANG_WARN_BLOCK_CAPTURE_AUTORELEASING = YES;
				CLANG_WARN_BOOL_CONVERSION = YES;
				CLANG_WARN_COMMA = YES;
				CLANG_WARN_CONSTANT_CONVERSION = YES;
				CLANG_WARN_DEPRECATED_OBJC_IMPLEMENTATIONS = YES;
				CLANG_WARN_DIRECT_OBJC_ISA_USAGE = YES_ERROR;
				CLANG_WARN_DOCUMENTATION_COMMENTS = YES;
				CLANG_WARN_EMPTY_BODY = YES;
				CLANG_WARN_ENUM_CONVERSION = YES;
				CLANG_WARN_INFINITE_RECURSION = YES;
				CLANG_WARN_INT_CONVERSION = YES;
				CLANG_WARN_NON_LITERAL_NULL_CONVERSION = YES;
				CLANG_WARN_OBJC_IMPLICIT_RETAIN_SELF = YES;
				CLANG_WARN_OBJC_LITERAL_CONVERSION = YES;
				CLANG_WARN_OBJC_ROOT_CLASS = YES_ERROR;
				CLANG_WARN_QUOTED_INCLUDE_IN_FRAMEWORK_HEADER = YES;
				CLANG_WARN_RANGE_LOOP_ANALYSIS = YES;
				CLANG_WARN_STRICT_PROTOTYPES = YES;
				CLANG_WARN_SUSPICIOUS_MOVE = YES;
				CLANG_WARN_UNGUARDED_AVAILABILITY = YES_AGGRESSIVE;
				CLANG_WARN_UNREACHABLE_CODE = YES;
				CLANG_WARN__DUPLICATE_METHOD_MATCH = YES;
				COPY_PHASE_STRIP = NO;
				DEBUG_INFORMATION_FORMAT = "dwarf-with-dsym";
				ENABLE_NS_ASSERTIONS = NO;
				ENABLE_STRICT_OBJC_MSGSEND = YES;
				GCC_C_LANGUAGE_STANDARD = gnu11;
				GCC_NO_COMMON_BLOCKS = YES;
				GCC_WARN_64_TO_32_BIT_CONVERSION = YES;
				GCC_WARN_ABOUT_RETURN_TYPE = YES_ERROR;
				GCC_WARN_UNDECLARED_SELECTOR = YES;
				GCC_WARN_UNINITIALIZED_AUTOS = YES_AGGRESSIVE;
				GCC_WARN_UNUSED_FUNCTION = YES;
				GCC_WARN_UNUSED_VARIABLE = YES;
				IPHONEOS_DEPLOYMENT_TARGET = 15.2;
				MTL_ENABLE_DEBUG_INFO = NO;
				MTL_FAST_MATH = YES;
				SDKROOT = iphoneos;
				SWIFT_COMPILATION_MODE = wholemodule;
				SWIFT_OPTIMIZATION_LEVEL = "-O";
				VALIDATE_PRODUCT = YES;
			};
			name = Release;
		};
		1B7E5EC227ACCDFF007B50A1 /* Debug */ = {
			isa = XCBuildConfiguration;
			buildSettings = {
				ASSETCATALOG_COMPILER_APPICON_NAME = AppIcon;
				ASSETCATALOG_COMPILER_GLOBAL_ACCENT_COLOR_NAME = AccentColor;
				CODE_SIGN_STYLE = Automatic;
				CURRENT_PROJECT_VERSION = 1;
				DEVELOPMENT_TEAM = 89D9H2QAX2;
				GENERATE_INFOPLIST_FILE = YES;
				INFOPLIST_FILE = StudyRender1/Info.plist;
				INFOPLIST_KEY_UIApplicationSupportsIndirectInputEvents = YES;
				INFOPLIST_KEY_UILaunchStoryboardName = LaunchScreen;
				INFOPLIST_KEY_UIMainStoryboardFile = Main;
				INFOPLIST_KEY_UISupportedInterfaceOrientations_iPad = "UIInterfaceOrientationPortrait UIInterfaceOrientationPortraitUpsideDown UIInterfaceOrientationLandscapeLeft UIInterfaceOrientationLandscapeRight";
				INFOPLIST_KEY_UISupportedInterfaceOrientations_iPhone = "UIInterfaceOrientationPortrait UIInterfaceOrientationLandscapeLeft UIInterfaceOrientationLandscapeRight";
				IPHONEOS_DEPLOYMENT_TARGET = 13.0;
				LD_RUNPATH_SEARCH_PATHS = (
					"$(inherited)",
					"@executable_path/Frameworks",
				);
				MARKETING_VERSION = 1.0;
				PRODUCT_BUNDLE_IDENTIFIER = com.wuhongxing.StudyRender1;
				PRODUCT_NAME = "$(TARGET_NAME)";
				SWIFT_EMIT_LOC_STRINGS = YES;
				SWIFT_VERSION = 5.0;
				TARGETED_DEVICE_FAMILY = 1;
			};
			name = Debug;
		};
		1B7E5EC327ACCDFF007B50A1 /* Release */ = {
			isa = XCBuildConfiguration;
			buildSettings = {
				ASSETCATALOG_COMPILER_APPICON_NAME = AppIcon;
				ASSETCATALOG_COMPILER_GLOBAL_ACCENT_COLOR_NAME = AccentColor;
				CODE_SIGN_STYLE = Automatic;
				CURRENT_PROJECT_VERSION = 1;
				DEVELOPMENT_TEAM = 89D9H2QAX2;
				GENERATE_INFOPLIST_FILE = YES;
				INFOPLIST_FILE = StudyRender1/Info.plist;
				INFOPLIST_KEY_UIApplicationSupportsIndirectInputEvents = YES;
				INFOPLIST_KEY_UILaunchStoryboardName = LaunchScreen;
				INFOPLIST_KEY_UIMainStoryboardFile = Main;
				INFOPLIST_KEY_UISupportedInterfaceOrientations_iPad = "UIInterfaceOrientationPortrait UIInterfaceOrientationPortraitUpsideDown UIInterfaceOrientationLandscapeLeft UIInterfaceOrientationLandscapeRight";
				INFOPLIST_KEY_UISupportedInterfaceOrientations_iPhone = "UIInterfaceOrientationPortrait UIInterfaceOrientationLandscapeLeft UIInterfaceOrientationLandscapeRight";
				IPHONEOS_DEPLOYMENT_TARGET = 13.0;
				LD_RUNPATH_SEARCH_PATHS = (
					"$(inherited)",
					"@executable_path/Frameworks",
				);
				MARKETING_VERSION = 1.0;
				PRODUCT_BUNDLE_IDENTIFIER = com.wuhongxing.StudyRender1;
				PRODUCT_NAME = "$(TARGET_NAME)";
				SWIFT_EMIT_LOC_STRINGS = YES;
				SWIFT_VERSION = 5.0;
				TARGETED_DEVICE_FAMILY = 1;
			};
			name = Release;
		};
		1B7E5EC527ACCDFF007B50A1 /* Debug */ = {
			isa = XCBuildConfiguration;
			buildSettings = {
				ALWAYS_EMBED_SWIFT_STANDARD_LIBRARIES = YES;
				BUNDLE_LOADER = "$(TEST_HOST)";
				CODE_SIGN_STYLE = Automatic;
				CURRENT_PROJECT_VERSION = 1;
				GENERATE_INFOPLIST_FILE = YES;
				IPHONEOS_DEPLOYMENT_TARGET = 15.2;
				MARKETING_VERSION = 1.0;
				PRODUCT_BUNDLE_IDENTIFIER = com.wuhongxing.StudyRender1Tests;
				PRODUCT_NAME = "$(TARGET_NAME)";
				SWIFT_EMIT_LOC_STRINGS = NO;
				SWIFT_VERSION = 5.0;
				TARGETED_DEVICE_FAMILY = "1,2";
				TEST_HOST = "$(BUILT_PRODUCTS_DIR)/StudyRender1.app/StudyRender1";
			};
			name = Debug;
		};
		1B7E5EC627ACCDFF007B50A1 /* Release */ = {
			isa = XCBuildConfiguration;
			buildSettings = {
				ALWAYS_EMBED_SWIFT_STANDARD_LIBRARIES = YES;
				BUNDLE_LOADER = "$(TEST_HOST)";
				CODE_SIGN_STYLE = Automatic;
				CURRENT_PROJECT_VERSION = 1;
				GENERATE_INFOPLIST_FILE = YES;
				IPHONEOS_DEPLOYMENT_TARGET = 15.2;
				MARKETING_VERSION = 1.0;
				PRODUCT_BUNDLE_IDENTIFIER = com.wuhongxing.StudyRender1Tests;
				PRODUCT_NAME = "$(TARGET_NAME)";
				SWIFT_EMIT_LOC_STRINGS = NO;
				SWIFT_VERSION = 5.0;
				TARGETED_DEVICE_FAMILY = "1,2";
				TEST_HOST = "$(BUILT_PRODUCTS_DIR)/StudyRender1.app/StudyRender1";
			};
			name = Release;
		};
		1B7E5EC827ACCDFF007B50A1 /* Debug */ = {
			isa = XCBuildConfiguration;
			buildSettings = {
				ALWAYS_EMBED_SWIFT_STANDARD_LIBRARIES = YES;
				CODE_SIGN_STYLE = Automatic;
				CURRENT_PROJECT_VERSION = 1;
				GENERATE_INFOPLIST_FILE = YES;
				MARKETING_VERSION = 1.0;
				PRODUCT_BUNDLE_IDENTIFIER = com.wuhongxing.StudyRender1UITests;
				PRODUCT_NAME = "$(TARGET_NAME)";
				SWIFT_EMIT_LOC_STRINGS = NO;
				SWIFT_VERSION = 5.0;
				TARGETED_DEVICE_FAMILY = "1,2";
				TEST_TARGET_NAME = StudyRender1;
			};
			name = Debug;
		};
		1B7E5EC927ACCDFF007B50A1 /* Release */ = {
			isa = XCBuildConfiguration;
			buildSettings = {
				ALWAYS_EMBED_SWIFT_STANDARD_LIBRARIES = YES;
				CODE_SIGN_STYLE = Automatic;
				CURRENT_PROJECT_VERSION = 1;
				GENERATE_INFOPLIST_FILE = YES;
				MARKETING_VERSION = 1.0;
				PRODUCT_BUNDLE_IDENTIFIER = com.wuhongxing.StudyRender1UITests;
				PRODUCT_NAME = "$(TARGET_NAME)";
				SWIFT_EMIT_LOC_STRINGS = NO;
				SWIFT_VERSION = 5.0;
				TARGETED_DEVICE_FAMILY = "1,2";
				TEST_TARGET_NAME = StudyRender1;
			};
			name = Release;
		};
/* End XCBuildConfiguration section */

/* Begin XCConfigurationList section */
		1B7E5E9227ACCDFD007B50A1 /* Build configuration list for PBXProject "StudyRender1" */ = {
			isa = XCConfigurationList;
			buildConfigurations = (
				1B7E5EBF27ACCDFF007B50A1 /* Debug */,
				1B7E5EC027ACCDFF007B50A1 /* Release */,
			);
			defaultConfigurationIsVisible = 0;
			defaultConfigurationName = Release;
		};
		1B7E5EC127ACCDFF007B50A1 /* Build configuration list for PBXNativeTarget "StudyRender1" */ = {
			isa = XCConfigurationList;
			buildConfigurations = (
				1B7E5EC227ACCDFF007B50A1 /* Debug */,
				1B7E5EC327ACCDFF007B50A1 /* Release */,
			);
			defaultConfigurationIsVisible = 0;
			defaultConfigurationName = Release;
		};
		1B7E5EC427ACCDFF007B50A1 /* Build configuration list for PBXNativeTarget "StudyRender1Tests" */ = {
			isa = XCConfigurationList;
			buildConfigurations = (
				1B7E5EC527ACCDFF007B50A1 /* Debug */,
				1B7E5EC627ACCDFF007B50A1 /* Release */,
			);
			defaultConfigurationIsVisible = 0;
			defaultConfigurationName = Release;
		};
		1B7E5EC727ACCDFF007B50A1 /* Build configuration list for PBXNativeTarget "StudyRender1UITests" */ = {
			isa = XCConfigurationList;
			buildConfigurations = (
				1B7E5EC827ACCDFF007B50A1 /* Debug */,
				1B7E5EC927ACCDFF007B50A1 /* Release */,
			);
			defaultConfigurationIsVisible = 0;
			defaultConfigurationName = Release;
		};
/* End XCConfigurationList section */
	};
	rootObject = 1B7E5E8F27ACCDFD007B50A1 /* Project object */;
}
